// !$*UTF8*$!
{
	archiveVersion = 1;
	classes = {
	};
	objectVersion = 46;
	objects = {

/* Begin PBXBuildFile section */
		322D3F341B808C8F006377C0 /* main.m in Sources */ = {isa = PBXBuildFile; fileRef = 322D3F331B808C8F006377C0 /* main.m */; };
		322D3F371B808C8F006377C0 /* AppDelegate.m in Sources */ = {isa = PBXBuildFile; fileRef = 322D3F361B808C8F006377C0 /* AppDelegate.m */; };
		322D3F3A1B808C8F006377C0 /* ViewController.m in Sources */ = {isa = PBXBuildFile; fileRef = 322D3F391B808C8F006377C0 /* ViewController.m */; };
		322D3F3D1B808C8F006377C0 /* Main.storyboard in Resources */ = {isa = PBXBuildFile; fileRef = 322D3F3B1B808C8F006377C0 /* Main.storyboard */; };
		322D3F3F1B808C8F006377C0 /* Images.xcassets in Resources */ = {isa = PBXBuildFile; fileRef = 322D3F3E1B808C8F006377C0 /* Images.xcassets */; };
		322D3F421B808C8F006377C0 /* LaunchScreen.xib in Resources */ = {isa = PBXBuildFile; fileRef = 322D3F401B808C8F006377C0 /* LaunchScreen.xib */; };
		322D3F4E1B808C8F006377C0 /* ZqwPageListViewTests.m in Sources */ = {isa = PBXBuildFile; fileRef = 322D3F4D1B808C8F006377C0 /* ZqwPageListViewTests.m */; };
		322D3F591B808CCF006377C0 /* ZqwPageListVIew.m in Sources */ = {isa = PBXBuildFile; fileRef = 322D3F581B808CCF006377C0 /* ZqwPageListVIew.m */; };
/* End PBXBuildFile section */

/* Begin PBXContainerItemProxy section */
		322D3F481B808C8F006377C0 /* PBXContainerItemProxy */ = {
			isa = PBXContainerItemProxy;
			containerPortal = 322D3F261B808C8F006377C0 /* Project object */;
			proxyType = 1;
			remoteGlobalIDString = 322D3F2D1B808C8F006377C0;
			remoteInfo = ZqwPageListView;
		};
/* End PBXContainerItemProxy section */

/* Begin PBXFileReference section */
		322D3F2E1B808C8F006377C0 /* ZqwPageListView.app */ = {isa = PBXFileReference; explicitFileType = wrapper.application; includeInIndex = 0; path = ZqwPageListView.app; sourceTree = BUILT_PRODUCTS_DIR; };
		322D3F321B808C8F006377C0 /* Info.plist */ = {isa = PBXFileReference; lastKnownFileType = text.plist.xml; path = Info.plist; sourceTree = "<group>"; };
		322D3F331B808C8F006377C0 /* main.m */ = {isa = PBXFileReference; lastKnownFileType = sourcecode.c.objc; path = main.m; sourceTree = "<group>"; };
		322D3F351B808C8F006377C0 /* AppDelegate.h */ = {isa = PBXFileReference; lastKnownFileType = sourcecode.c.h; path = AppDelegate.h; sourceTree = "<group>"; };
		322D3F361B808C8F006377C0 /* AppDelegate.m */ = {isa = PBXFileReference; lastKnownFileType = sourcecode.c.objc; path = AppDelegate.m; sourceTree = "<group>"; };
		322D3F381B808C8F006377C0 /* ViewController.h */ = {isa = PBXFileReference; lastKnownFileType = sourcecode.c.h; path = ViewController.h; sourceTree = "<group>"; };
		322D3F391B808C8F006377C0 /* ViewController.m */ = {isa = PBXFileReference; lastKnownFileType = sourcecode.c.objc; path = ViewController.m; sourceTree = "<group>"; };
		322D3F3C1B808C8F006377C0 /* Base */ = {isa = PBXFileReference; lastKnownFileType = file.storyboard; name = Base; path = Base.lproj/Main.storyboard; sourceTree = "<group>"; };
		322D3F3E1B808C8F006377C0 /* Images.xcassets */ = {isa = PBXFileReference; lastKnownFileType = folder.assetcatalog; path = Images.xcassets; sourceTree = "<group>"; };
		322D3F411B808C8F006377C0 /* Base */ = {isa = PBXFileReference; lastKnownFileType = file.xib; name = Base; path = Base.lproj/LaunchScreen.xib; sourceTree = "<group>"; };
		322D3F471B808C8F006377C0 /* ZqwPageListViewTests.xctest */ = {isa = PBXFileReference; explicitFileType = wrapper.cfbundle; includeInIndex = 0; path = ZqwPageListViewTests.xctest; sourceTree = BUILT_PRODUCTS_DIR; };
		322D3F4C1B808C8F006377C0 /* Info.plist */ = {isa = PBXFileReference; lastKnownFileType = text.plist.xml; path = Info.plist; sourceTree = "<group>"; };
		322D3F4D1B808C8F006377C0 /* ZqwPageListViewTests.m */ = {isa = PBXFileReference; lastKnownFileType = sourcecode.c.objc; path = ZqwPageListViewTests.m; sourceTree = "<group>"; };
		322D3F571B808CCF006377C0 /* ZqwPageListVIew.h */ = {isa = PBXFileReference; fileEncoding = 4; lastKnownFileType = sourcecode.c.h; path = ZqwPageListVIew.h; sourceTree = "<group>"; };
		322D3F581B808CCF006377C0 /* ZqwPageListVIew.m */ = {isa = PBXFileReference; fileEncoding = 4; lastKnownFileType = sourcecode.c.objc; path = ZqwPageListVIew.m; sourceTree = "<group>"; };
/* End PBXFileReference section */

/* Begin PBXFrameworksBuildPhase section */
		322D3F2B1B808C8F006377C0 /* Frameworks */ = {
			isa = PBXFrameworksBuildPhase;
			buildActionMask = 2147483647;
			files = (
			);
			runOnlyForDeploymentPostprocessing = 0;
		};
		322D3F441B808C8F006377C0 /* Frameworks */ = {
			isa = PBXFrameworksBuildPhase;
			buildActionMask = 2147483647;
			files = (
			);
			runOnlyForDeploymentPostprocessing = 0;
		};
/* End PBXFrameworksBuildPhase section */

/* Begin PBXGroup section */
		322D3F251B808C8F006377C0 = {
			isa = PBXGroup;
			children = (
				322D3F301B808C8F006377C0 /* ZqwPageListView */,
				322D3F4A1B808C8F006377C0 /* ZqwPageListViewTests */,
				322D3F2F1B808C8F006377C0 /* Products */,
			);
			sourceTree = "<group>";
		};
		322D3F2F1B808C8F006377C0 /* Products */ = {
			isa = PBXGroup;
			children = (
				322D3F2E1B808C8F006377C0 /* ZqwPageListView.app */,
				322D3F471B808C8F006377C0 /* ZqwPageListViewTests.xctest */,
			);
			name = Products;
			sourceTree = "<group>";
		};
		322D3F301B808C8F006377C0 /* ZqwPageListView */ = {
			isa = PBXGroup;
			children = (
				322D3F351B808C8F006377C0 /* AppDelegate.h */,
				322D3F361B808C8F006377C0 /* AppDelegate.m */,
				322D3F381B808C8F006377C0 /* ViewController.h */,
				322D3F391B808C8F006377C0 /* ViewController.m */,
				322D3F3B1B808C8F006377C0 /* Main.storyboard */,
				322D3F3E1B808C8F006377C0 /* Images.xcassets */,
				322D3F401B808C8F006377C0 /* LaunchScreen.xib */,
				322D3F311B808C8F006377C0 /* Supporting Files */,
				322D3F571B808CCF006377C0 /* ZqwPageListVIew.h */,
				322D3F581B808CCF006377C0 /* ZqwPageListVIew.m */,
			);
			path = ZqwPageListView;
			sourceTree = "<group>";
		};
		322D3F311B808C8F006377C0 /* Supporting Files */ = {
			isa = PBXGroup;
			children = (
				322D3F321B808C8F006377C0 /* Info.plist */,
				322D3F331B808C8F006377C0 /* main.m */,
			);
			name = "Supporting Files";
			sourceTree = "<group>";
		};
		322D3F4A1B808C8F006377C0 /* ZqwPageListViewTests */ = {
			isa = PBXGroup;
			children = (
				322D3F4D1B808C8F006377C0 /* ZqwPageListViewTests.m */,
				322D3F4B1B808C8F006377C0 /* Supporting Files */,
			);
			path = ZqwPageListViewTests;
			sourceTree = "<group>";
		};
		322D3F4B1B808C8F006377C0 /* Supporting Files */ = {
			isa = PBXGroup;
			children = (
				322D3F4C1B808C8F006377C0 /* Info.plist */,
			);
			name = "Supporting Files";
			sourceTree = "<group>";
		};
/* End PBXGroup section */

/* Begin PBXNativeTarget section */
		322D3F2D1B808C8F006377C0 /* ZqwPageListView */ = {
			isa = PBXNativeTarget;
			buildConfigurationList = 322D3F511B808C8F006377C0 /* Build configuration list for PBXNativeTarget "ZqwPageListView" */;
			buildPhases = (
				322D3F2A1B808C8F006377C0 /* Sources */,
				322D3F2B1B808C8F006377C0 /* Frameworks */,
				322D3F2C1B808C8F006377C0 /* Resources */,
			);
			buildRules = (
			);
			dependencies = (
			);
			name = ZqwPageListView;
			productName = ZqwPageListView;
			productReference = 322D3F2E1B808C8F006377C0 /* ZqwPageListView.app */;
			productType = "com.apple.product-type.application";
		};
		322D3F461B808C8F006377C0 /* ZqwPageListViewTests */ = {
			isa = PBXNativeTarget;
			buildConfigurationList = 322D3F541B808C8F006377C0 /* Build configuration list for PBXNativeTarget "ZqwPageListViewTests" */;
			buildPhases = (
				322D3F431B808C8F006377C0 /* Sources */,
				322D3F441B808C8F006377C0 /* Frameworks */,
				322D3F451B808C8F006377C0 /* Resources */,
			);
			buildRules = (
			);
			dependencies = (
				322D3F491B808C8F006377C0 /* PBXTargetDependency */,
			);
			name = ZqwPageListViewTests;
			productName = ZqwPageListViewTests;
			productReference = 322D3F471B808C8F006377C0 /* ZqwPageListViewTests.xctest */;
			productType = "com.apple.product-type.bundle.unit-test";
		};
/* End PBXNativeTarget section */

/* Begin PBXProject section */
		322D3F261B808C8F006377C0 /* Project object */ = {
			isa = PBXProject;
			attributes = {
				LastUpgradeCheck = 0640;
				ORGANIZATIONNAME = ZhuQuanWei;
				TargetAttributes = {
					322D3F2D1B808C8F006377C0 = {
						CreatedOnToolsVersion = 6.4;
					};
					322D3F461B808C8F006377C0 = {
						CreatedOnToolsVersion = 6.4;
						TestTargetID = 322D3F2D1B808C8F006377C0;
					};
				};
			};
			buildConfigurationList = 322D3F291B808C8F006377C0 /* Build configuration list for PBXProject "ZqwPageListView" */;
			compatibilityVersion = "Xcode 3.2";
			developmentRegion = English;
			hasScannedForEncodings = 0;
			knownRegions = (
				en,
				Base,
			);
			mainGroup = 322D3F251B808C8F006377C0;
			productRefGroup = 322D3F2F1B808C8F006377C0 /* Products */;
			projectDirPath = "";
			projectRoot = "";
			targets = (
				322D3F2D1B808C8F006377C0 /* ZqwPageListView */,
				322D3F461B808C8F006377C0 /* ZqwPageListViewTests */,
			);
		};
/* End PBXProject section */

/* Begin PBXResourcesBuildPhase section */
		322D3F2C1B808C8F006377C0 /* Resources */ = {
			isa = PBXResourcesBuildPhase;
			buildActionMask = 2147483647;
			files = (
				322D3F3D1B808C8F006377C0 /* Main.storyboard in Resources */,
				322D3F421B808C8F006377C0 /* LaunchScreen.xib in Resources */,
				322D3F3F1B808C8F006377C0 /* Images.xcassets in Resources */,
			);
			runOnlyForDeploymentPostprocessing = 0;
		};
		322D3F451B808C8F006377C0 /* Resources */ = {
			isa = PBXResourcesBuildPhase;
			buildActionMask = 2147483647;
			files = (
			);
			runOnlyForDeploymentPostprocessing = 0;
		};
/* End PBXResourcesBuildPhase section */

/* Begin PBXSourcesBuildPhase section */
		322D3F2A1B808C8F006377C0 /* Sources */ = {
			isa = PBXSourcesBuildPhase;
			buildActionMask = 2147483647;
			files = (
				322D3F3A1B808C8F006377C0 /* ViewController.m in Sources */,
				322D3F371B808C8F006377C0 /* AppDelegate.m in Sources */,
				322D3F591B808CCF006377C0 /* ZqwPageListVIew.m in Sources */,
				322D3F341B808C8F006377C0 /* main.m in Sources */,
			);
			runOnlyForDeploymentPostprocessing = 0;
		};
		322D3F431B808C8F006377C0 /* Sources */ = {
			isa = PBXSourcesBuildPhase;
			buildActionMask = 2147483647;
			files = (
				322D3F4E1B808C8F006377C0 /* ZqwPageListViewTests.m in Sources */,
			);
			runOnlyForDeploymentPostprocessing = 0;
		};
/* End PBXSourcesBuildPhase section */

/* Begin PBXTargetDependency section */
		322D3F491B808C8F006377C0 /* PBXTargetDependency */ = {
			isa = PBXTargetDependency;
			target = 322D3F2D1B808C8F006377C0 /* ZqwPageListView */;
			targetProxy = 322D3F481B808C8F006377C0 /* PBXContainerItemProxy */;
		};
/* End PBXTargetDependency section */

/* Begin PBXVariantGroup section */
		322D3F3B1B808C8F006377C0 /* Main.storyboard */ = {
			isa = PBXVariantGroup;
			children = (
				322D3F3C1B808C8F006377C0 /* Base */,
			);
			name = Main.storyboard;
			sourceTree = "<group>";
		};
		322D3F401B808C8F006377C0 /* LaunchScreen.xib */ = {
			isa = PBXVariantGroup;
			children = (
				322D3F411B808C8F006377C0 /* Base */,
			);
			name = LaunchScreen.xib;
			sourceTree = "<group>";
		};
/* End PBXVariantGroup section */

/* Begin XCBuildConfiguration section */
		322D3F4F1B808C8F006377C0 /* Debug */ = {
			isa = XCBuildConfiguration;
			buildSettings = {
				ALWAYS_SEARCH_USER_PATHS = NO;
				CLANG_CXX_LANGUAGE_STANDARD = "gnu++0x";
				CLANG_CXX_LIBRARY = "libc++";
				CLANG_ENABLE_MODULES = YES;
				CLANG_ENABLE_OBJC_ARC = YES;
				CLANG_WARN_BOOL_CONVERSION = YES;
				CLANG_WARN_CONSTANT_CONVERSION = YES;
				CLANG_WARN_DIRECT_OBJC_ISA_USAGE = YES_ERROR;
				CLANG_WARN_EMPTY_BODY = YES;
				CLANG_WARN_ENUM_CONVERSION = YES;
				CLANG_WARN_INT_CONVERSION = YES;
				CLANG_WARN_OBJC_ROOT_CLASS = YES_ERROR;
				CLANG_WARN_UNREACHABLE_CODE = YES;
				CLANG_WARN__DUPLICATE_METHOD_MATCH = YES;
				"CODE_SIGN_IDENTITY[sdk=iphoneos*]" = "iPhone Developer";
				COPY_PHASE_STRIP = NO;
				DEBUG_INFORMATION_FORMAT = "dwarf-with-dsym";
				ENABLE_STRICT_OBJC_MSGSEND = YES;
				GCC_C_LANGUAGE_STANDARD = gnu99;
				GCC_DYNAMIC_NO_PIC = NO;
				GCC_NO_COMMON_BLOCKS = YES;
				GCC_OPTIMIZATION_LEVEL = 0;
				GCC_PREPROCESSOR_DEFINITIONS = (
					"DEBUG=1",
					"$(inherited)",
				);
				GCC_SYMBOLS_PRIVATE_EXTERN = NO;
				GCC_WARN_64_TO_32_BIT_CONVERSION = YES;
				GCC_WARN_ABOUT_RETURN_TYPE = YES_ERROR;
				GCC_WARN_UNDECLARED_SELECTOR = YES;
				GCC_WARN_UNINITIALIZED_AUTOS = YES_AGGRESSIVE;
				GCC_WARN_UNUSED_FUNCTION = YES;
				GCC_WARN_UNUSED_VARIABLE = YES;
				IPHONEOS_DEPLOYMENT_TARGET = 8.4;
				MTL_ENABLE_DEBUG_INFO = YES;
				ONLY_ACTIVE_ARCH = YES;
				SDKROOT = iphoneos;
			};
			name = Debug;
		};
		322D3F501B808C8F006377C0 /* Release */ = {
			isa = XCBuildConfiguration;
			buildSettings = {
				ALWAYS_SEARCH_USER_PATHS = NO;
				CLANG_CXX_LANGUAGE_STANDARD = "gnu++0x";
				CLANG_CXX_LIBRARY = "libc++";
				CLANG_ENABLE_MODULES = YES;
				CLANG_ENABLE_OBJC_ARC = YES;
				CLANG_WARN_BOOL_CONVERSION = YES;
				CLANG_WARN_CONSTANT_CONVERSION = YES;
				CLANG_WARN_DIRECT_OBJC_ISA_USAGE = YES_ERROR;
				CLANG_WARN_EMPTY_BODY = YES;
				CLANG_WARN_ENUM_CONVERSION = YES;
				CLANG_WARN_INT_CONVERSION = YES;
				CLANG_WARN_OBJC_ROOT_CLASS = YES_ERROR;
				CLANG_WARN_UNREACHABLE_CODE = YES;
				CLANG_WARN__DUPLICATE_METHOD_MATCH = YES;
				"CODE_SIGN_IDENTITY[sdk=iphoneos*]" = "iPhone Developer";
				COPY_PHASE_STRIP = NO;
				DEBUG_INFORMATION_FORMAT = "dwarf-with-dsym";
				ENABLE_NS_ASSERTIONS = NO;
				ENABLE_STRICT_OBJC_MSGSEND = YES;
				GCC_C_LANGUAGE_STANDARD = gnu99;
				GCC_NO_COMMON_BLOCKS = YES;
				GCC_WARN_64_TO_32_BIT_CONVERSION = YES;
				GCC_WARN_ABOUT_RETURN_TYPE = YES_ERROR;
				GCC_WARN_UNDECLARED_SELECTOR = YES;
				GCC_WARN_UNINITIALIZED_AUTOS = YES_AGGRESSIVE;
				GCC_WARN_UNUSED_FUNCTION = YES;
				GCC_WARN_UNUSED_VARIABLE = YES;
				IPHONEOS_DEPLOYMENT_TARGET = 8.4;
				MTL_ENABLE_DEBUG_INFO = NO;
				SDKROOT = iphoneos;
				VALIDATE_PRODUCT = YES;
			};
			name = Release;
		};
		322D3F521B808C8F006377C0 /* Debug */ = {
			isa = XCBuildConfiguration;
			buildSettings = {
				ASSETCATALOG_COMPILER_APPICON_NAME = AppIcon;
				INFOPLIST_FILE = ZqwPageListView/Info.plist;
				LD_RUNPATH_SEARCH_PATHS = "$(inherited) @executable_path/Frameworks";
				PRODUCT_NAME = "$(TARGET_NAME)";
			};
			name = Debug;
		};
		322D3F531B808C8F006377C0 /* Release */ = {
			isa = XCBuildConfiguration;
			buildSettings = {
				ASSETCATALOG_COMPILER_APPICON_NAME = AppIcon;
				INFOPLIST_FILE = ZqwPageListView/Info.plist;
				LD_RUNPATH_SEARCH_PATHS = "$(inherited) @executable_path/Frameworks";
				PRODUCT_NAME = "$(TARGET_NAME)";
			};
			name = Release;
		};
		322D3F551B808C8F006377C0 /* Debug */ = {
			isa = XCBuildConfiguration;
			buildSettings = {
				BUNDLE_LOADER = "$(TEST_HOST)";
				FRAMEWORK_SEARCH_PATHS = (
					"$(SDKROOT)/Developer/Library/Frameworks",
					"$(inherited)",
				);
				GCC_PREPROCESSOR_DEFINITIONS = (
					"DEBUG=1",
					"$(inherited)",
				);
				INFOPLIST_FILE = ZqwPageListViewTests/Info.plist;
				LD_RUNPATH_SEARCH_PATHS = "$(inherited) @executable_path/Frameworks @loader_path/Frameworks";
				PRODUCT_NAME = "$(TARGET_NAME)";
				TEST_HOST = "$(BUILT_PRODUCTS_DIR)/ZqwPageListView.app/ZqwPageListView";
			};
			name = Debug;
		};
		322D3F561B808C8F006377C0 /* Release */ = {
			isa = XCBuildConfiguration;
			buildSettings = {
				BUNDLE_LOADER = "$(TEST_HOST)";
				FRAMEWORK_SEARCH_PATHS = (
					"$(SDKROOT)/Developer/Library/Frameworks",
					"$(inherited)",
				);
				INFOPLIST_FILE = ZqwPageListViewTests/Info.plist;
				LD_RUNPATH_SEARCH_PATHS = "$(inherited) @executable_path/Frameworks @loader_path/Frameworks";
				PRODUCT_NAME = "$(TARGET_NAME)";
				TEST_HOST = "$(BUILT_PRODUCTS_DIR)/ZqwPageListView.app/ZqwPageListView";
			};
			name = Release;
		};
/* End XCBuildConfiguration section */

/* Begin XCConfigurationList section */
		322D3F291B808C8F006377C0 /* Build configuration list for PBXProject "ZqwPageListView" */ = {
			isa = XCConfigurationList;
			buildConfigurations = (
				322D3F4F1B808C8F006377C0 /* Debug */,
				322D3F501B808C8F006377C0 /* Release */,
			);
			defaultConfigurationIsVisible = 0;
			defaultConfigurationName = Release;
		};
		322D3F511B808C8F006377C0 /* Build configuration list for PBXNativeTarget "ZqwPageListView" */ = {
			isa = XCConfigurationList;
			buildConfigurations = (
				322D3F521B808C8F006377C0 /* Debug */,
				322D3F531B808C8F006377C0 /* Release */,
			);
			defaultConfigurationIsVisible = 0;
		};
		322D3F541B808C8F006377C0 /* Build configuration list for PBXNativeTarget "ZqwPageListViewTests" */ = {
			isa = XCConfigurationList;
			buildConfigurations = (
				322D3F551B808C8F006377C0 /* Debug */,
				322D3F561B808C8F006377C0 /* Release */,
			);
			defaultConfigurationIsVisible = 0;
		};
/* End XCConfigurationList section */
	};
	rootObject = 322D3F261B808C8F006377C0 /* Project object */;
}
